Microsoft Visual Studio Solution File, Format Version 12.00
# Visual Studio Version 17
VisualStudioVersion = 17.5.2.0
MinimumVisualStudioVersion = 10.0.40219.1
Project("{FAE04EC0-301F-11D3-BF4B-00C04F79EFBC}") = "TheEmployeeAPI.Tests", "TheEmployeeAPI.Tests.csproj", "{B90C2C48-3F90-BCB1-0849-4A359C05C4F9}"
EndProject
Global
	GlobalSection(SolutionConfigurationPlatforms) = preSolution
		Debug|Any CPU = Debug|Any CPU
		Release|Any CPU = Release|Any CPU
	EndGlobalSection
	GlobalSection(ProjectConfigurationPlatforms) = postSolution
		{B90C2C48-3F90-BCB1-0849-4A359C05C4F9}.Debug|Any CPU.ActiveCfg = Debug|Any CPU
		{B90C2C48-3F90-BCB1-0849-4A359C05C4F9}.Debug|Any CPU.Build.0 = Debug|Any CPU
		{B90C2C48-3F90-BCB1-0849-4A359C05C4F9}.Release|Any CPU.ActiveCfg = Release|Any CPU
		{B90C2C48-3F90-BCB1-0849-4A359C05C4F9}.Release|Any CPU.Build.0 = Release|Any CPU
	EndGlobalSection
	GlobalSection(SolutionProperties) = preSolution
		HideSolutionNode = FALSE
	EndGlobalSection
	GlobalSection(ExtensibilityGlobals) = postSolution
		SolutionGuid = {BBF256A3-2D99-4A82-8220-5C7DA98A6F2D}
	EndGlobalSection
EndGlobal
