Microsoft Visual Studio Solution File, Format Version 12.00
# Visual Studio Version 17
VisualStudioVersion = 17.5.2.0
MinimumVisualStudioVersion = 10.0.40219.1
Project("{FAE04EC0-301F-11D3-BF4B-00C04F79EFBC}") = "MyFirstApp", "MyFirstApp\MyFirstApp.csproj", "{B9FEBF69-434E-73F2-CB32-715EFC648C6E}"
EndProject
Global
	GlobalSection(SolutionConfigurationPlatforms) = preSolution
		Debug|Any CPU = Debug|Any CPU
		Release|Any CPU = Release|Any CPU
	EndGlobalSection
	GlobalSection(ProjectConfigurationPlatforms) = postSolution
		{B9FEBF69-434E-73F2-CB32-715EFC648C6E}.Debug|Any CPU.ActiveCfg = Debug|Any CPU
		{B9FEBF69-434E-73F2-CB32-715EFC648C6E}.Debug|Any CPU.Build.0 = Debug|Any CPU
		{B9FEBF69-434E-73F2-CB32-715EFC648C6E}.Release|Any CPU.ActiveCfg = Release|Any CPU
		{B9FEBF69-434E-73F2-CB32-715EFC648C6E}.Release|Any CPU.Build.0 = Release|Any CPU
	EndGlobalSection
	GlobalSection(SolutionProperties) = preSolution
		HideSolutionNode = FALSE
	EndGlobalSection
	GlobalSection(ExtensibilityGlobals) = postSolution
		SolutionGuid = {54DF4098-D619-40A5-8A77-07F29C1C5B00}
	EndGlobalSection
EndGlobal
